// !$*UTF8*$!
{
	archiveVersion = 1;
	classes = {
	};
	objectVersion = 46;
	objects = {

/* Begin PBXBuildFile section */
		014179D81EB791FB00315C15 /* AppDelegate.swift in Sources */ = {isa = PBXBuildFile; fileRef = 014179D71EB791FB00315C15 /* AppDelegate.swift */; };
		014179DD1EB791FB00315C15 /* Main.storyboard in Resources */ = {isa = PBXBuildFile; fileRef = 014179DB1EB791FB00315C15 /* Main.storyboard */; };
		014179DF1EB791FB00315C15 /* Assets.xcassets in Resources */ = {isa = PBXBuildFile; fileRef = 014179DE1EB791FB00315C15 /* Assets.xcassets */; };
		014179E21EB791FB00315C15 /* LaunchScreen.storyboard in Resources */ = {isa = PBXBuildFile; fileRef = 014179E01EB791FB00315C15 /* LaunchScreen.storyboard */; };
		014179EC1EB7926E00315C15 /* CloudKit.framework in Frameworks */ = {isa = PBXBuildFile; fileRef = 014179EB1EB7926E00315C15 /* CloudKit.framework */; };
		014179F81EB7963A00315C15 /* ImageSearch.swift in Sources */ = {isa = PBXBuildFile; fileRef = 014179F71EB7963A00315C15 /* ImageSearch.swift */; };
		014179FA1EB79CDC00315C15 /* User.swift in Sources */ = {isa = PBXBuildFile; fileRef = 014179F91EB79CDC00315C15 /* User.swift */; };
		014179FC1EB7A4FE00315C15 /* ImageSearchController.swift in Sources */ = {isa = PBXBuildFile; fileRef = 014179FB1EB7A4FE00315C15 /* ImageSearchController.swift */; };
		014179FE1EB7A80C00315C15 /* NetworkController.swift in Sources */ = {isa = PBXBuildFile; fileRef = 014179FD1EB7A80C00315C15 /* NetworkController.swift */; };
		01417A001EB7B20E00315C15 /* DecadeError.swift in Sources */ = {isa = PBXBuildFile; fileRef = 014179FF1EB7B20E00315C15 /* DecadeError.swift */; };
		01417A021EB7E8C200315C15 /* ImageController .swift in Sources */ = {isa = PBXBuildFile; fileRef = 01417A011EB7E8C200315C15 /* ImageController .swift */; };
		01417A041EB7EE2D00315C15 /* ImageSearchTableViewController.swift in Sources */ = {isa = PBXBuildFile; fileRef = 01417A031EB7EE2D00315C15 /* ImageSearchTableViewController.swift */; };
/* End PBXBuildFile section */

/* Begin PBXFileReference section */
		014179D41EB791FB00315C15 /* Decade.app */ = {isa = PBXFileReference; explicitFileType = wrapper.application; includeInIndex = 0; path = Decade.app; sourceTree = BUILT_PRODUCTS_DIR; };
		014179D71EB791FB00315C15 /* AppDelegate.swift */ = {isa = PBXFileReference; lastKnownFileType = sourcecode.swift; path = AppDelegate.swift; sourceTree = "<group>"; };
		014179DC1EB791FB00315C15 /* Base */ = {isa = PBXFileReference; lastKnownFileType = file.storyboard; name = Base; path = Base.lproj/Main.storyboard; sourceTree = "<group>"; };
		014179DE1EB791FB00315C15 /* Assets.xcassets */ = {isa = PBXFileReference; lastKnownFileType = folder.assetcatalog; path = Assets.xcassets; sourceTree = "<group>"; };
		014179E11EB791FB00315C15 /* Base */ = {isa = PBXFileReference; lastKnownFileType = file.storyboard; name = Base; path = Base.lproj/LaunchScreen.storyboard; sourceTree = "<group>"; };
		014179E31EB791FB00315C15 /* Info.plist */ = {isa = PBXFileReference; lastKnownFileType = text.plist.xml; path = Info.plist; sourceTree = "<group>"; };
		014179E91EB7926800315C15 /* Decade.entitlements */ = {isa = PBXFileReference; lastKnownFileType = text.plist.entitlements; path = Decade.entitlements; sourceTree = "<group>"; };
		014179EB1EB7926E00315C15 /* CloudKit.framework */ = {isa = PBXFileReference; lastKnownFileType = wrapper.framework; name = CloudKit.framework; path = System/Library/Frameworks/CloudKit.framework; sourceTree = SDKROOT; };
		014179F71EB7963A00315C15 /* ImageSearch.swift */ = {isa = PBXFileReference; fileEncoding = 4; lastKnownFileType = sourcecode.swift; path = ImageSearch.swift; sourceTree = "<group>"; };
		014179F91EB79CDC00315C15 /* User.swift */ = {isa = PBXFileReference; fileEncoding = 4; lastKnownFileType = sourcecode.swift; path = User.swift; sourceTree = "<group>"; };
		014179FB1EB7A4FE00315C15 /* ImageSearchController.swift */ = {isa = PBXFileReference; fileEncoding = 4; lastKnownFileType = sourcecode.swift; path = ImageSearchController.swift; sourceTree = "<group>"; };
		014179FD1EB7A80C00315C15 /* NetworkController.swift */ = {isa = PBXFileReference; fileEncoding = 4; lastKnownFileType = sourcecode.swift; path = NetworkController.swift; sourceTree = "<group>"; };
		014179FF1EB7B20E00315C15 /* DecadeError.swift */ = {isa = PBXFileReference; fileEncoding = 4; lastKnownFileType = sourcecode.swift; path = DecadeError.swift; sourceTree = "<group>"; };
		01417A011EB7E8C200315C15 /* ImageController .swift */ = {isa = PBXFileReference; fileEncoding = 4; lastKnownFileType = sourcecode.swift; path = "ImageController .swift"; sourceTree = "<group>"; };
		01417A031EB7EE2D00315C15 /* ImageSearchTableViewController.swift */ = {isa = PBXFileReference; fileEncoding = 4; lastKnownFileType = sourcecode.swift; path = ImageSearchTableViewController.swift; sourceTree = "<group>"; };
/* End PBXFileReference section */

/* Begin PBXFrameworksBuildPhase section */
		014179D11EB791FB00315C15 /* Frameworks */ = {
			isa = PBXFrameworksBuildPhase;
			buildActionMask = 2147483647;
			files = (
				014179EC1EB7926E00315C15 /* CloudKit.framework in Frameworks */,
			);
			runOnlyForDeploymentPostprocessing = 0;
		};
/* End PBXFrameworksBuildPhase section */

/* Begin PBXGroup section */
		014179CB1EB791FB00315C15 = {
			isa = PBXGroup;
			children = (
				014179D61EB791FB00315C15 /* Decade */,
				014179D51EB791FB00315C15 /* Products */,
				014179EA1EB7926E00315C15 /* Frameworks */,
			);
			sourceTree = "<group>";
		};
		014179D51EB791FB00315C15 /* Products */ = {
			isa = PBXGroup;
			children = (
				014179D41EB791FB00315C15 /* Decade.app */,
			);
			name = Products;
			sourceTree = "<group>";
		};
		014179D61EB791FB00315C15 /* Decade */ = {
			isa = PBXGroup;
			children = (
				014179F11EB792EF00315C15 /* View */,
				014179F01EB792DB00315C15 /* Controllers */,
				014179ED1EB792BB00315C15 /* Model */,
				014179F61EB7934600315C15 /* Helper Files */,
				014179F51EB7933E00315C15 /* Resources */,
			);
			path = Decade;
			sourceTree = "<group>";
		};
		014179EA1EB7926E00315C15 /* Frameworks */ = {
			isa = PBXGroup;
			children = (
				014179EB1EB7926E00315C15 /* CloudKit.framework */,
			);
			name = Frameworks;
			sourceTree = "<group>";
		};
		014179ED1EB792BB00315C15 /* Model */ = {
			isa = PBXGroup;
			children = (
				014179F71EB7963A00315C15 /* ImageSearch.swift */,
				014179F91EB79CDC00315C15 /* User.swift */,
			);
			name = Model;
			sourceTree = "<group>";
		};
		014179EE1EB792C300315C15 /* Model Controller */ = {
			isa = PBXGroup;
			children = (
				014179FB1EB7A4FE00315C15 /* ImageSearchController.swift */,
			);
			name = "Model Controller";
			sourceTree = "<group>";
		};
		014179EF1EB792CD00315C15 /* View Controller */ = {
			isa = PBXGroup;
			children = (
				01417A031EB7EE2D00315C15 /* ImageSearchTableViewController.swift */,
			);
			name = "View Controller";
			sourceTree = "<group>";
		};
		014179F01EB792DB00315C15 /* Controllers */ = {
			isa = PBXGroup;
			children = (
				014179EF1EB792CD00315C15 /* View Controller */,
				014179F41EB7932800315C15 /* Network Controller */,
				014179EE1EB792C300315C15 /* Model Controller */,
			);
			name = Controllers;
			sourceTree = "<group>";
		};
		014179F11EB792EF00315C15 /* View */ = {
			isa = PBXGroup;
			children = (
				014179F21EB792F900315C15 /* Storyboard */,
			);
			name = View;
			sourceTree = "<group>";
		};
		014179F21EB792F900315C15 /* Storyboard */ = {
			isa = PBXGroup;
			children = (
				014179DB1EB791FB00315C15 /* Main.storyboard */,
				014179E01EB791FB00315C15 /* LaunchScreen.storyboard */,
			);
			name = Storyboard;
			sourceTree = "<group>";
		};
		014179F41EB7932800315C15 /* Network Controller */ = {
			isa = PBXGroup;
			children = (
				014179FD1EB7A80C00315C15 /* NetworkController.swift */,
				01417A011EB7E8C200315C15 /* ImageController .swift */,
			);
			name = "Network Controller";
			sourceTree = "<group>";
		};
		014179F51EB7933E00315C15 /* Resources */ = {
			isa = PBXGroup;
			children = (
				014179E31EB791FB00315C15 /* Info.plist */,
				014179D71EB791FB00315C15 /* AppDelegate.swift */,
				014179DE1EB791FB00315C15 /* Assets.xcassets */,
				014179E91EB7926800315C15 /* Decade.entitlements */,
			);
			name = Resources;
			sourceTree = "<group>";
		};
		014179F61EB7934600315C15 /* Helper Files */ = {
			isa = PBXGroup;
			children = (
				014179FF1EB7B20E00315C15 /* DecadeError.swift */,
			);
			name = "Helper Files";
			sourceTree = "<group>";
		};
/* End PBXGroup section */

/* Begin PBXNativeTarget section */
		014179D31EB791FB00315C15 /* Decade */ = {
			isa = PBXNativeTarget;
			buildConfigurationList = 014179E61EB791FB00315C15 /* Build configuration list for PBXNativeTarget "Decade" */;
			buildPhases = (
				014179D01EB791FB00315C15 /* Sources */,
				014179D11EB791FB00315C15 /* Frameworks */,
				014179D21EB791FB00315C15 /* Resources */,
			);
			buildRules = (
			);
			dependencies = (
			);
			name = Decade;
			productName = Decade;
			productReference = 014179D41EB791FB00315C15 /* Decade.app */;
			productType = "com.apple.product-type.application";
		};
/* End PBXNativeTarget section */

/* Begin PBXProject section */
		014179CC1EB791FB00315C15 /* Project object */ = {
			isa = PBXProject;
			attributes = {
				LastSwiftUpdateCheck = 0830;
				LastUpgradeCheck = 0830;
				ORGANIZATIONNAME = "Nick Reichard";
				TargetAttributes = {
					014179D31EB791FB00315C15 = {
						CreatedOnToolsVersion = 8.3.2;
						DevelopmentTeam = WAN4D79W79;
						ProvisioningStyle = Automatic;
						SystemCapabilities = {
							com.apple.Push = {
								enabled = 1;
							};
							com.apple.iCloud = {
								enabled = 1;
							};
						};
					};
				};
			};
			buildConfigurationList = 014179CF1EB791FB00315C15 /* Build configuration list for PBXProject "Decade" */;
			compatibilityVersion = "Xcode 3.2";
			developmentRegion = English;
			hasScannedForEncodings = 0;
			knownRegions = (
				en,
				Base,
			);
			mainGroup = 014179CB1EB791FB00315C15;
			productRefGroup = 014179D51EB791FB00315C15 /* Products */;
			projectDirPath = "";
			projectRoot = "";
			targets = (
				014179D31EB791FB00315C15 /* Decade */,
			);
		};
/* End PBXProject section */

/* Begin PBXResourcesBuildPhase section */
		014179D21EB791FB00315C15 /* Resources */ = {
			isa = PBXResourcesBuildPhase;
			buildActionMask = 2147483647;
			files = (
				014179E21EB791FB00315C15 /* LaunchScreen.storyboard in Resources */,
				014179DF1EB791FB00315C15 /* Assets.xcassets in Resources */,
				014179DD1EB791FB00315C15 /* Main.storyboard in Resources */,
			);
			runOnlyForDeploymentPostprocessing = 0;
		};
/* End PBXResourcesBuildPhase section */

/* Begin PBXSourcesBuildPhase section */
		014179D01EB791FB00315C15 /* Sources */ = {
			isa = PBXSourcesBuildPhase;
			buildActionMask = 2147483647;
			files = (
				01417A001EB7B20E00315C15 /* DecadeError.swift in Sources */,
				01417A021EB7E8C200315C15 /* ImageController .swift in Sources */,
				014179FE1EB7A80C00315C15 /* NetworkController.swift in Sources */,
				014179D81EB791FB00315C15 /* AppDelegate.swift in Sources */,
				014179F81EB7963A00315C15 /* ImageSearch.swift in Sources */,
				014179FA1EB79CDC00315C15 /* User.swift in Sources */,
				014179FC1EB7A4FE00315C15 /* ImageSearchController.swift in Sources */,
				01417A041EB7EE2D00315C15 /* ImageSearchTableViewController.swift in Sources */,
			);
			runOnlyForDeploymentPostprocessing = 0;
		};
/* End PBXSourcesBuildPhase section */

/* Begin PBXVariantGroup section */
		014179DB1EB791FB00315C15 /* Main.storyboard */ = {
			isa = PBXVariantGroup;
			children = (
				014179DC1EB791FB00315C15 /* Base */,
			);
			name = Main.storyboard;
			sourceTree = "<group>";
		};
		014179E01EB791FB00315C15 /* LaunchScreen.storyboard */ = {
			isa = PBXVariantGroup;
			children = (
				014179E11EB791FB00315C15 /* Base */,
			);
			name = LaunchScreen.storyboard;
			sourceTree = "<group>";
		};
/* End PBXVariantGroup section */

/* Begin XCBuildConfiguration section */
		014179E41EB791FB00315C15 /* Debug */ = {
			isa = XCBuildConfiguration;
			buildSettings = {
				ALWAYS_SEARCH_USER_PATHS = NO;
				CLANG_ANALYZER_NONNULL = YES;
				CLANG_ANALYZER_NUMBER_OBJECT_CONVERSION = YES_AGGRESSIVE;
				CLANG_CXX_LANGUAGE_STANDARD = "gnu++0x";
				CLANG_CXX_LIBRARY = "libc++";
				CLANG_ENABLE_MODULES = YES;
				CLANG_ENABLE_OBJC_ARC = YES;
				CLANG_WARN_BOOL_CONVERSION = YES;
				CLANG_WARN_CONSTANT_CONVERSION = YES;
				CLANG_WARN_DIRECT_OBJC_ISA_USAGE = YES_ERROR;
				CLANG_WARN_DOCUMENTATION_COMMENTS = YES;
				CLANG_WARN_EMPTY_BODY = YES;
				CLANG_WARN_ENUM_CONVERSION = YES;
				CLANG_WARN_INFINITE_RECURSION = YES;
				CLANG_WARN_INT_CONVERSION = YES;
				CLANG_WARN_OBJC_ROOT_CLASS = YES_ERROR;
				CLANG_WARN_SUSPICIOUS_MOVE = YES;
				CLANG_WARN_UNREACHABLE_CODE = YES;
				CLANG_WARN__DUPLICATE_METHOD_MATCH = YES;
				"CODE_SIGN_IDENTITY[sdk=iphoneos*]" = "iPhone Developer";
				COPY_PHASE_STRIP = NO;
				DEBUG_INFORMATION_FORMAT = dwarf;
				ENABLE_STRICT_OBJC_MSGSEND = YES;
				ENABLE_TESTABILITY = YES;
				GCC_C_LANGUAGE_STANDARD = gnu99;
				GCC_DYNAMIC_NO_PIC = NO;
				GCC_NO_COMMON_BLOCKS = YES;
				GCC_OPTIMIZATION_LEVEL = 0;
				GCC_PREPROCESSOR_DEFINITIONS = (
					"DEBUG=1",
					"$(inherited)",
				);
				GCC_WARN_64_TO_32_BIT_CONVERSION = YES;
				GCC_WARN_ABOUT_RETURN_TYPE = YES_ERROR;
				GCC_WARN_UNDECLARED_SELECTOR = YES;
				GCC_WARN_UNINITIALIZED_AUTOS = YES_AGGRESSIVE;
				GCC_WARN_UNUSED_FUNCTION = YES;
				GCC_WARN_UNUSED_VARIABLE = YES;
				IPHONEOS_DEPLOYMENT_TARGET = 10.3;
				MTL_ENABLE_DEBUG_INFO = YES;
				ONLY_ACTIVE_ARCH = YES;
				SDKROOT = iphoneos;
				SWIFT_ACTIVE_COMPILATION_CONDITIONS = DEBUG;
				SWIFT_OPTIMIZATION_LEVEL = "-Onone";
				TARGETED_DEVICE_FAMILY = "1,2";
			};
			name = Debug;
		};
		014179E51EB791FB00315C15 /* Release */ = {
			isa = XCBuildConfiguration;
			buildSettings = {
				ALWAYS_SEARCH_USER_PATHS = NO;
				CLANG_ANALYZER_NONNULL = YES;
				CLANG_ANALYZER_NUMBER_OBJECT_CONVERSION = YES_AGGRESSIVE;
				CLANG_CXX_LANGUAGE_STANDARD = "gnu++0x";
				CLANG_CXX_LIBRARY = "libc++";
				CLANG_ENABLE_MODULES = YES;
				CLANG_ENABLE_OBJC_ARC = YES;
				CLANG_WARN_BOOL_CONVERSION = YES;
				CLANG_WARN_CONSTANT_CONVERSION = YES;
				CLANG_WARN_DIRECT_OBJC_ISA_USAGE = YES_ERROR;
				CLANG_WARN_DOCUMENTATION_COMMENTS = YES;
				CLANG_WARN_EMPTY_BODY = YES;
				CLANG_WARN_ENUM_CONVERSION = YES;
				CLANG_WARN_INFINITE_RECURSION = YES;
				CLANG_WARN_INT_CONVERSION = YES;
				CLANG_WARN_OBJC_ROOT_CLASS = YES_ERROR;
				CLANG_WARN_SUSPICIOUS_MOVE = YES;
				CLANG_WARN_UNREACHABLE_CODE = YES;
				CLANG_WARN__DUPLICATE_METHOD_MATCH = YES;
				"CODE_SIGN_IDENTITY[sdk=iphoneos*]" = "iPhone Developer";
				COPY_PHASE_STRIP = NO;
				DEBUG_INFORMATION_FORMAT = "dwarf-with-dsym";
				ENABLE_NS_ASSERTIONS = NO;
				ENABLE_STRICT_OBJC_MSGSEND = YES;
				GCC_C_LANGUAGE_STANDARD = gnu99;
				GCC_NO_COMMON_BLOCKS = YES;
				GCC_WARN_64_TO_32_BIT_CONVERSION = YES;
				GCC_WARN_ABOUT_RETURN_TYPE = YES_ERROR;
				GCC_WARN_UNDECLARED_SELECTOR = YES;
				GCC_WARN_UNINITIALIZED_AUTOS = YES_AGGRESSIVE;
				GCC_WARN_UNUSED_FUNCTION = YES;
				GCC_WARN_UNUSED_VARIABLE = YES;
				IPHONEOS_DEPLOYMENT_TARGET = 10.3;
				MTL_ENABLE_DEBUG_INFO = NO;
				SDKROOT = iphoneos;
				SWIFT_OPTIMIZATION_LEVEL = "-Owholemodule";
				TARGETED_DEVICE_FAMILY = "1,2";
				VALIDATE_PRODUCT = YES;
			};
			name = Release;
		};
		014179E71EB791FB00315C15 /* Debug */ = {
			isa = XCBuildConfiguration;
			buildSettings = {
				ASSETCATALOG_COMPILER_APPICON_NAME = AppIcon;
				CODE_SIGN_ENTITLEMENTS = Decade/Decade.entitlements;
				DEVELOPMENT_TEAM = WAN4D79W79;
				INFOPLIST_FILE = Decade/Info.plist;
				LD_RUNPATH_SEARCH_PATHS = "$(inherited) @executable_path/Frameworks";
				PRODUCT_BUNDLE_IDENTIFIER = com.nickreichard.Decade;
				PRODUCT_NAME = "$(TARGET_NAME)";
				SWIFT_VERSION = 3.0;
			};
			name = Debug;
		};
		014179E81EB791FB00315C15 /* Release */ = {
			isa = XCBuildConfiguration;
			buildSettings = {
				ASSETCATALOG_COMPILER_APPICON_NAME = AppIcon;
				CODE_SIGN_ENTITLEMENTS = Decade/Decade.entitlements;
				DEVELOPMENT_TEAM = WAN4D79W79;
				INFOPLIST_FILE = Decade/Info.plist;
				LD_RUNPATH_SEARCH_PATHS = "$(inherited) @executable_path/Frameworks";
				PRODUCT_BUNDLE_IDENTIFIER = com.nickreichard.Decade;
				PRODUCT_NAME = "$(TARGET_NAME)";
				SWIFT_VERSION = 3.0;
			};
			name = Release;
		};
/* End XCBuildConfiguration section */

/* Begin XCConfigurationList section */
		014179CF1EB791FB00315C15 /* Build configuration list for PBXProject "Decade" */ = {
			isa = XCConfigurationList;
			buildConfigurations = (
				014179E41EB791FB00315C15 /* Debug */,
				014179E51EB791FB00315C15 /* Release */,
			);
			defaultConfigurationIsVisible = 0;
			defaultConfigurationName = Release;
		};
		014179E61EB791FB00315C15 /* Build configuration list for PBXNativeTarget "Decade" */ = {
			isa = XCConfigurationList;
			buildConfigurations = (
				014179E71EB791FB00315C15 /* Debug */,
				014179E81EB791FB00315C15 /* Release */,
			);
			defaultConfigurationIsVisible = 0;
			defaultConfigurationName = Release;
		};
/* End XCConfigurationList section */
	};
	rootObject = 014179CC1EB791FB00315C15 /* Project object */;
}
