// !$*UTF8*$!
{
	archiveVersion = 1;
	classes = {
	};
	objectVersion = 46;
	objects = {

/* Begin PBXBuildFile section */
		013B25BC1EDF539400F9E635 /* StringHelper.swift in Sources */ = {isa = PBXBuildFile; fileRef = 013B25BB1EDF539400F9E635 /* StringHelper.swift */; };
		014179D81EB791FB00315C15 /* AppDelegate.swift in Sources */ = {isa = PBXBuildFile; fileRef = 014179D71EB791FB00315C15 /* AppDelegate.swift */; };
		014179DD1EB791FB00315C15 /* Main.storyboard in Resources */ = {isa = PBXBuildFile; fileRef = 014179DB1EB791FB00315C15 /* Main.storyboard */; };
		014179DF1EB791FB00315C15 /* Assets.xcassets in Resources */ = {isa = PBXBuildFile; fileRef = 014179DE1EB791FB00315C15 /* Assets.xcassets */; };
		014179E21EB791FB00315C15 /* LaunchScreen.storyboard in Resources */ = {isa = PBXBuildFile; fileRef = 014179E01EB791FB00315C15 /* LaunchScreen.storyboard */; };
		014179EC1EB7926E00315C15 /* CloudKit.framework in Frameworks */ = {isa = PBXBuildFile; fileRef = 014179EB1EB7926E00315C15 /* CloudKit.framework */; };
		014179F81EB7963A00315C15 /* Decade.swift in Sources */ = {isa = PBXBuildFile; fileRef = 014179F71EB7963A00315C15 /* Decade.swift */; };
		014179FA1EB79CDC00315C15 /* User.swift in Sources */ = {isa = PBXBuildFile; fileRef = 014179F91EB79CDC00315C15 /* User.swift */; };
		014179FC1EB7A4FE00315C15 /* DecadeSearchController.swift in Sources */ = {isa = PBXBuildFile; fileRef = 014179FB1EB7A4FE00315C15 /* DecadeSearchController.swift */; };
		014179FE1EB7A80C00315C15 /* NetworkController.swift in Sources */ = {isa = PBXBuildFile; fileRef = 014179FD1EB7A80C00315C15 /* NetworkController.swift */; };
		01417A001EB7B20E00315C15 /* DecadeError.swift in Sources */ = {isa = PBXBuildFile; fileRef = 014179FF1EB7B20E00315C15 /* DecadeError.swift */; };
		01417A021EB7E8C200315C15 /* ImageController .swift in Sources */ = {isa = PBXBuildFile; fileRef = 01417A011EB7E8C200315C15 /* ImageController .swift */; };
		01417A0A1EB8112400315C15 /* DecadeTableViewController.swift in Sources */ = {isa = PBXBuildFile; fileRef = 01417A091EB8112400315C15 /* DecadeTableViewController.swift */; };
		01417A0C1EB8117400315C15 /* DecadeSearchTableViewController.swift in Sources */ = {isa = PBXBuildFile; fileRef = 01417A0B1EB8117400315C15 /* DecadeSearchTableViewController.swift */; };
		01417A0F1EB818DE00315C15 /* DecadeImageTableViewCell.swift in Sources */ = {isa = PBXBuildFile; fileRef = 01417A0E1EB818DE00315C15 /* DecadeImageTableViewCell.swift */; };
		01417A111EB820B700315C15 /* DecadeHomeCollectionViewCell.swift in Sources */ = {isa = PBXBuildFile; fileRef = 01417A101EB820B700315C15 /* DecadeHomeCollectionViewCell.swift */; };
		01417A131EB8231A00315C15 /* DecadeSearchTableViewCell.swift in Sources */ = {isa = PBXBuildFile; fileRef = 01417A121EB8231A00315C15 /* DecadeSearchTableViewCell.swift */; };
		01417A151EB8F3C100315C15 /* CustomTabBarController.swift in Sources */ = {isa = PBXBuildFile; fileRef = 01417A141EB8F3C100315C15 /* CustomTabBarController.swift */; };
		01417A191EB9192D00315C15 /* SavedDecadeTableViewController.swift in Sources */ = {isa = PBXBuildFile; fileRef = 01417A181EB9192D00315C15 /* SavedDecadeTableViewController.swift */; };
		01681B631EEB9AB900D4712D /* Photo.swift in Sources */ = {isa = PBXBuildFile; fileRef = 01681B621EEB9AB900D4712D /* Photo.swift */; };
		01681B651EEC412700D4712D /* PhotoController.swift in Sources */ = {isa = PBXBuildFile; fileRef = 01681B641EEC412700D4712D /* PhotoController.swift */; };
		01681B671EECAD4D00D4712D /* CameraController.swift in Sources */ = {isa = PBXBuildFile; fileRef = 01681B661EECAD4D00D4712D /* CameraController.swift */; };
		01A795061EBAA49300E62DD6 /* LocalImage.swift in Sources */ = {isa = PBXBuildFile; fileRef = 01A795051EBAA49300E62DD6 /* LocalImage.swift */; };
		01A795081EBAA4F100E62DD6 /* LocalImageController.swift in Sources */ = {isa = PBXBuildFile; fileRef = 01A795071EBAA4F100E62DD6 /* LocalImageController.swift */; };
		01A795281EBAB5DE00E62DD6 /* LocalImageHelper.swift in Sources */ = {isa = PBXBuildFile; fileRef = 01A795271EBAB5DE00E62DD6 /* LocalImageHelper.swift */; };
		01ACC3641EC252420010B17C /* CloudKitManager.swift in Sources */ = {isa = PBXBuildFile; fileRef = 01ACC3631EC252420010B17C /* CloudKitManager.swift */; };
		01ACC36C1EC365010010B17C /* SavedDecadeTableViewCell.swift in Sources */ = {isa = PBXBuildFile; fileRef = 01ACC36B1EC365010010B17C /* SavedDecadeTableViewCell.swift */; };
		01ACC36E1EC3B51F0010B17C /* Constants.swift in Sources */ = {isa = PBXBuildFile; fileRef = 01ACC36D1EC3B51F0010B17C /* Constants.swift */; };
		01ACC3701EC3FEF40010B17C /* UISearchBarHelper.swift in Sources */ = {isa = PBXBuildFile; fileRef = 01ACC36F1EC3FEF40010B17C /* UISearchBarHelper.swift */; };
		01ACC3721EC3FF630010B17C /* UIImageHelper.swift in Sources */ = {isa = PBXBuildFile; fileRef = 01ACC3711EC3FF630010B17C /* UIImageHelper.swift */; };
		01ACC3741EC4DB820010B17C /* DecadeController.swift in Sources */ = {isa = PBXBuildFile; fileRef = 01ACC3731EC4DB820010B17C /* DecadeController.swift */; };
		01ACC3781ECB7C490010B17C /* CasheController.swift in Sources */ = {isa = PBXBuildFile; fileRef = 01ACC3771ECB7C490010B17C /* CasheController.swift */; };
		01C65F191EC1452700DD675B /* UIColorHelper.swift in Sources */ = {isa = PBXBuildFile; fileRef = 01C65F181EC1452700DD675B /* UIColorHelper.swift */; };
		01C65F1B1EC1642200DD675B /* DecadeWebViewController.swift in Sources */ = {isa = PBXBuildFile; fileRef = 01C65F1A1EC1642200DD675B /* DecadeWebViewController.swift */; };
		01C65F1D1EC2264B00DD675B /* UserController.swift in Sources */ = {isa = PBXBuildFile; fileRef = 01C65F1C1EC2264B00DD675B /* UserController.swift */; };
		01D169871EF46BC90063BDAC /* PostController.swift in Sources */ = {isa = PBXBuildFile; fileRef = 01D169861EF46BC90063BDAC /* PostController.swift */; };
		01EA61B71EF2260D003936B9 /* CommentTableViewController.swift in Sources */ = {isa = PBXBuildFile; fileRef = 01EA61B61EF2260D003936B9 /* CommentTableViewController.swift */; };
		01EA61BD1EF2EEDD003936B9 /* Post.swift in Sources */ = {isa = PBXBuildFile; fileRef = 01EA61BC1EF2EEDD003936B9 /* Post.swift */; };
		01FB2D961ECCCB0D007B0607 /* DecadeHomeTableViewController.swift in Sources */ = {isa = PBXBuildFile; fileRef = 01FB2D951ECCCB0D007B0607 /* DecadeHomeTableViewController.swift */; };
		01FB2DE01ECD2EBC007B0607 /* HeaderImage.xib in Resources */ = {isa = PBXBuildFile; fileRef = 01FB2DDF1ECD2EBC007B0607 /* HeaderImage.xib */; };
		01FB2DE31ECD2F45007B0607 /* HeaderImage.swift in Sources */ = {isa = PBXBuildFile; fileRef = 01FB2DE21ECD2F45007B0607 /* HeaderImage.swift */; };
/* End PBXBuildFile section */

/* Begin PBXFileReference section */
		013B25BB1EDF539400F9E635 /* StringHelper.swift */ = {isa = PBXFileReference; fileEncoding = 4; lastKnownFileType = sourcecode.swift; path = StringHelper.swift; sourceTree = "<group>"; };
		014179D41EB791FB00315C15 /* Decade.app */ = {isa = PBXFileReference; explicitFileType = wrapper.application; includeInIndex = 0; path = Decade.app; sourceTree = BUILT_PRODUCTS_DIR; };
		014179D71EB791FB00315C15 /* AppDelegate.swift */ = {isa = PBXFileReference; lastKnownFileType = sourcecode.swift; path = AppDelegate.swift; sourceTree = "<group>"; };
		014179DC1EB791FB00315C15 /* Base */ = {isa = PBXFileReference; lastKnownFileType = file.storyboard; name = Base; path = Base.lproj/Main.storyboard; sourceTree = "<group>"; };
		014179DE1EB791FB00315C15 /* Assets.xcassets */ = {isa = PBXFileReference; lastKnownFileType = folder.assetcatalog; path = Assets.xcassets; sourceTree = "<group>"; };
		014179E11EB791FB00315C15 /* Base */ = {isa = PBXFileReference; lastKnownFileType = file.storyboard; name = Base; path = Base.lproj/LaunchScreen.storyboard; sourceTree = "<group>"; };
		014179E31EB791FB00315C15 /* Info.plist */ = {isa = PBXFileReference; lastKnownFileType = text.plist.xml; path = Info.plist; sourceTree = "<group>"; };
		014179E91EB7926800315C15 /* Decade.entitlements */ = {isa = PBXFileReference; lastKnownFileType = text.plist.entitlements; path = Decade.entitlements; sourceTree = "<group>"; };
		014179EB1EB7926E00315C15 /* CloudKit.framework */ = {isa = PBXFileReference; lastKnownFileType = wrapper.framework; name = CloudKit.framework; path = System/Library/Frameworks/CloudKit.framework; sourceTree = SDKROOT; };
		014179F71EB7963A00315C15 /* Decade.swift */ = {isa = PBXFileReference; fileEncoding = 4; lastKnownFileType = sourcecode.swift; path = Decade.swift; sourceTree = "<group>"; };
		014179F91EB79CDC00315C15 /* User.swift */ = {isa = PBXFileReference; fileEncoding = 4; lastKnownFileType = sourcecode.swift; path = User.swift; sourceTree = "<group>"; };
		014179FB1EB7A4FE00315C15 /* DecadeSearchController.swift */ = {isa = PBXFileReference; fileEncoding = 4; lastKnownFileType = sourcecode.swift; path = DecadeSearchController.swift; sourceTree = "<group>"; };
		014179FD1EB7A80C00315C15 /* NetworkController.swift */ = {isa = PBXFileReference; fileEncoding = 4; lastKnownFileType = sourcecode.swift; path = NetworkController.swift; sourceTree = "<group>"; };
		014179FF1EB7B20E00315C15 /* DecadeError.swift */ = {isa = PBXFileReference; fileEncoding = 4; lastKnownFileType = sourcecode.swift; path = DecadeError.swift; sourceTree = "<group>"; };
		01417A011EB7E8C200315C15 /* ImageController .swift */ = {isa = PBXFileReference; fileEncoding = 4; lastKnownFileType = sourcecode.swift; path = "ImageController .swift"; sourceTree = "<group>"; };
		01417A091EB8112400315C15 /* DecadeTableViewController.swift */ = {isa = PBXFileReference; fileEncoding = 4; lastKnownFileType = sourcecode.swift; path = DecadeTableViewController.swift; sourceTree = "<group>"; };
		01417A0B1EB8117400315C15 /* DecadeSearchTableViewController.swift */ = {isa = PBXFileReference; fileEncoding = 4; lastKnownFileType = sourcecode.swift; path = DecadeSearchTableViewController.swift; sourceTree = "<group>"; };
		01417A0E1EB818DE00315C15 /* DecadeImageTableViewCell.swift */ = {isa = PBXFileReference; fileEncoding = 4; lastKnownFileType = sourcecode.swift; path = DecadeImageTableViewCell.swift; sourceTree = "<group>"; };
		01417A101EB820B700315C15 /* DecadeHomeCollectionViewCell.swift */ = {isa = PBXFileReference; fileEncoding = 4; lastKnownFileType = sourcecode.swift; path = DecadeHomeCollectionViewCell.swift; sourceTree = "<group>"; };
		01417A121EB8231A00315C15 /* DecadeSearchTableViewCell.swift */ = {isa = PBXFileReference; fileEncoding = 4; lastKnownFileType = sourcecode.swift; path = DecadeSearchTableViewCell.swift; sourceTree = "<group>"; };
		01417A141EB8F3C100315C15 /* CustomTabBarController.swift */ = {isa = PBXFileReference; fileEncoding = 4; lastKnownFileType = sourcecode.swift; path = CustomTabBarController.swift; sourceTree = "<group>"; };
		01417A181EB9192D00315C15 /* SavedDecadeTableViewController.swift */ = {isa = PBXFileReference; fileEncoding = 4; lastKnownFileType = sourcecode.swift; name = SavedDecadeTableViewController.swift; path = ../SavedDecadeTableViewController.swift; sourceTree = "<group>"; };
		01681B621EEB9AB900D4712D /* Photo.swift */ = {isa = PBXFileReference; fileEncoding = 4; lastKnownFileType = sourcecode.swift; path = Photo.swift; sourceTree = "<group>"; };
		01681B641EEC412700D4712D /* PhotoController.swift */ = {isa = PBXFileReference; fileEncoding = 4; lastKnownFileType = sourcecode.swift; path = PhotoController.swift; sourceTree = "<group>"; };
		01681B661EECAD4D00D4712D /* CameraController.swift */ = {isa = PBXFileReference; fileEncoding = 4; lastKnownFileType = sourcecode.swift; path = CameraController.swift; sourceTree = "<group>"; };
		01A795051EBAA49300E62DD6 /* LocalImage.swift */ = {isa = PBXFileReference; fileEncoding = 4; lastKnownFileType = sourcecode.swift; path = LocalImage.swift; sourceTree = "<group>"; };
		01A795071EBAA4F100E62DD6 /* LocalImageController.swift */ = {isa = PBXFileReference; fileEncoding = 4; lastKnownFileType = sourcecode.swift; path = LocalImageController.swift; sourceTree = "<group>"; };
		01A795271EBAB5DE00E62DD6 /* LocalImageHelper.swift */ = {isa = PBXFileReference; fileEncoding = 4; lastKnownFileType = sourcecode.swift; path = LocalImageHelper.swift; sourceTree = "<group>"; };
		01ACC3631EC252420010B17C /* CloudKitManager.swift */ = {isa = PBXFileReference; fileEncoding = 4; lastKnownFileType = sourcecode.swift; path = CloudKitManager.swift; sourceTree = "<group>"; };
		01ACC36B1EC365010010B17C /* SavedDecadeTableViewCell.swift */ = {isa = PBXFileReference; fileEncoding = 4; lastKnownFileType = sourcecode.swift; path = SavedDecadeTableViewCell.swift; sourceTree = "<group>"; };
		01ACC36D1EC3B51F0010B17C /* Constants.swift */ = {isa = PBXFileReference; fileEncoding = 4; lastKnownFileType = sourcecode.swift; path = Constants.swift; sourceTree = "<group>"; };
		01ACC36F1EC3FEF40010B17C /* UISearchBarHelper.swift */ = {isa = PBXFileReference; fileEncoding = 4; lastKnownFileType = sourcecode.swift; path = UISearchBarHelper.swift; sourceTree = "<group>"; };
		01ACC3711EC3FF630010B17C /* UIImageHelper.swift */ = {isa = PBXFileReference; fileEncoding = 4; lastKnownFileType = sourcecode.swift; path = UIImageHelper.swift; sourceTree = "<group>"; };
		01ACC3731EC4DB820010B17C /* DecadeController.swift */ = {isa = PBXFileReference; fileEncoding = 4; lastKnownFileType = sourcecode.swift; path = DecadeController.swift; sourceTree = "<group>"; };
		01ACC3771ECB7C490010B17C /* CasheController.swift */ = {isa = PBXFileReference; fileEncoding = 4; lastKnownFileType = sourcecode.swift; path = CasheController.swift; sourceTree = "<group>"; };
		01C65F181EC1452700DD675B /* UIColorHelper.swift */ = {isa = PBXFileReference; fileEncoding = 4; lastKnownFileType = sourcecode.swift; path = UIColorHelper.swift; sourceTree = "<group>"; };
		01C65F1A1EC1642200DD675B /* DecadeWebViewController.swift */ = {isa = PBXFileReference; fileEncoding = 4; lastKnownFileType = sourcecode.swift; path = DecadeWebViewController.swift; sourceTree = "<group>"; };
		01C65F1C1EC2264B00DD675B /* UserController.swift */ = {isa = PBXFileReference; fileEncoding = 4; lastKnownFileType = sourcecode.swift; path = UserController.swift; sourceTree = "<group>"; };
		01D169861EF46BC90063BDAC /* PostController.swift */ = {isa = PBXFileReference; fileEncoding = 4; lastKnownFileType = sourcecode.swift; path = PostController.swift; sourceTree = "<group>"; };
		01EA61B61EF2260D003936B9 /* CommentTableViewController.swift */ = {isa = PBXFileReference; fileEncoding = 4; lastKnownFileType = sourcecode.swift; path = CommentTableViewController.swift; sourceTree = "<group>"; };
		01EA61BC1EF2EEDD003936B9 /* Post.swift */ = {isa = PBXFileReference; fileEncoding = 4; lastKnownFileType = sourcecode.swift; path = Post.swift; sourceTree = "<group>"; };
		01FB2D951ECCCB0D007B0607 /* DecadeHomeTableViewController.swift */ = {isa = PBXFileReference; fileEncoding = 4; lastKnownFileType = sourcecode.swift; path = DecadeHomeTableViewController.swift; sourceTree = "<group>"; };
		01FB2DDF1ECD2EBC007B0607 /* HeaderImage.xib */ = {isa = PBXFileReference; fileEncoding = 4; lastKnownFileType = file.xib; path = HeaderImage.xib; sourceTree = "<group>"; };
		01FB2DE21ECD2F45007B0607 /* HeaderImage.swift */ = {isa = PBXFileReference; fileEncoding = 4; lastKnownFileType = sourcecode.swift; path = HeaderImage.swift; sourceTree = "<group>"; };
/* End PBXFileReference section */

/* Begin PBXFrameworksBuildPhase section */
		014179D11EB791FB00315C15 /* Frameworks */ = {
			isa = PBXFrameworksBuildPhase;
			buildActionMask = 2147483647;
			files = (
				014179EC1EB7926E00315C15 /* CloudKit.framework in Frameworks */,
			);
			runOnlyForDeploymentPostprocessing = 0;
		};
/* End PBXFrameworksBuildPhase section */

/* Begin PBXGroup section */
		014179CB1EB791FB00315C15 = {
			isa = PBXGroup;
			children = (
				014179D61EB791FB00315C15 /* Decade */,
				014179D51EB791FB00315C15 /* Products */,
				014179EA1EB7926E00315C15 /* Frameworks */,
			);
			sourceTree = "<group>";
		};
		014179D51EB791FB00315C15 /* Products */ = {
			isa = PBXGroup;
			children = (
				014179D41EB791FB00315C15 /* Decade.app */,
			);
			name = Products;
			sourceTree = "<group>";
		};
		014179D61EB791FB00315C15 /* Decade */ = {
			isa = PBXGroup;
			children = (
				014179F11EB792EF00315C15 /* View */,
				014179F01EB792DB00315C15 /* Controllers */,
				014179ED1EB792BB00315C15 /* Model */,
				014179F61EB7934600315C15 /* Helper Files */,
				014179F51EB7933E00315C15 /* Resources */,
			);
			path = Decade;
			sourceTree = "<group>";
		};
		014179EA1EB7926E00315C15 /* Frameworks */ = {
			isa = PBXGroup;
			children = (
				014179EB1EB7926E00315C15 /* CloudKit.framework */,
			);
			name = Frameworks;
			sourceTree = "<group>";
		};
		014179ED1EB792BB00315C15 /* Model */ = {
			isa = PBXGroup;
			children = (
				014179F91EB79CDC00315C15 /* User.swift */,
				014179F71EB7963A00315C15 /* Decade.swift */,
				01EA61BC1EF2EEDD003936B9 /* Post.swift */,
				01681B621EEB9AB900D4712D /* Photo.swift */,
				01A795051EBAA49300E62DD6 /* LocalImage.swift */,
			);
			name = Model;
			sourceTree = "<group>";
		};
		014179EE1EB792C300315C15 /* Model Controller */ = {
			isa = PBXGroup;
			children = (
				014179FB1EB7A4FE00315C15 /* DecadeSearchController.swift */,
				01C65F1C1EC2264B00DD675B /* UserController.swift */,
				01D169861EF46BC90063BDAC /* PostController.swift */,
				01ACC3731EC4DB820010B17C /* DecadeController.swift */,
				01681B641EEC412700D4712D /* PhotoController.swift */,
				01681B661EECAD4D00D4712D /* CameraController.swift */,
				01A795071EBAA4F100E62DD6 /* LocalImageController.swift */,
				01ACC3631EC252420010B17C /* CloudKitManager.swift */,
			);
			name = "Model Controller";
			sourceTree = "<group>";
		};
		014179EF1EB792CD00315C15 /* View Controller */ = {
			isa = PBXGroup;
			children = (
				01FB2D951ECCCB0D007B0607 /* DecadeHomeTableViewController.swift */,
				01417A091EB8112400315C15 /* DecadeTableViewController.swift */,
				01417A0B1EB8117400315C15 /* DecadeSearchTableViewController.swift */,
				01417A181EB9192D00315C15 /* SavedDecadeTableViewController.swift */,
				01EA61B61EF2260D003936B9 /* CommentTableViewController.swift */,
				01C65F1A1EC1642200DD675B /* DecadeWebViewController.swift */,
			);
			name = "View Controller";
			sourceTree = "<group>";
		};
		014179F01EB792DB00315C15 /* Controllers */ = {
			isa = PBXGroup;
			children = (
				014179EF1EB792CD00315C15 /* View Controller */,
				014179F41EB7932800315C15 /* Network Controller */,
				014179EE1EB792C300315C15 /* Model Controller */,
			);
			name = Controllers;
			sourceTree = "<group>";
		};
		014179F11EB792EF00315C15 /* View */ = {
			isa = PBXGroup;
			children = (
				014179F21EB792F900315C15 /* Storyboard */,
				01417A0D1EB817AA00315C15 /* Cell */,
			);
			name = View;
			sourceTree = "<group>";
		};
		014179F21EB792F900315C15 /* Storyboard */ = {
			isa = PBXGroup;
			children = (
				014179DB1EB791FB00315C15 /* Main.storyboard */,
				01FB2DDF1ECD2EBC007B0607 /* HeaderImage.xib */,
				014179E01EB791FB00315C15 /* LaunchScreen.storyboard */,
				01FB2DE11ECD2ED4007B0607 /* UIView */,
			);
			name = Storyboard;
			sourceTree = "<group>";
		};
		014179F41EB7932800315C15 /* Network Controller */ = {
			isa = PBXGroup;
			children = (
				014179FD1EB7A80C00315C15 /* NetworkController.swift */,
				01417A011EB7E8C200315C15 /* ImageController .swift */,
				01ACC3771ECB7C490010B17C /* CasheController.swift */,
			);
			name = "Network Controller";
			sourceTree = "<group>";
		};
		014179F51EB7933E00315C15 /* Resources */ = {
			isa = PBXGroup;
			children = (
				014179E31EB791FB00315C15 /* Info.plist */,
				014179D71EB791FB00315C15 /* AppDelegate.swift */,
				014179DE1EB791FB00315C15 /* Assets.xcassets */,
				014179E91EB7926800315C15 /* Decade.entitlements */,
			);
			name = Resources;
			sourceTree = "<group>";
		};
		014179F61EB7934600315C15 /* Helper Files */ = {
			isa = PBXGroup;
			children = (
				014179FF1EB7B20E00315C15 /* DecadeError.swift */,
				01417A141EB8F3C100315C15 /* CustomTabBarController.swift */,
				01A795271EBAB5DE00E62DD6 /* LocalImageHelper.swift */,
				01C65F181EC1452700DD675B /* UIColorHelper.swift */,
				01ACC36D1EC3B51F0010B17C /* Constants.swift */,
				01ACC36F1EC3FEF40010B17C /* UISearchBarHelper.swift */,
				013B25BB1EDF539400F9E635 /* StringHelper.swift */,
				01ACC3711EC3FF630010B17C /* UIImageHelper.swift */,
			);
			name = "Helper Files";
			sourceTree = "<group>";
		};
		01417A0D1EB817AA00315C15 /* Cell */ = {
			isa = PBXGroup;
			children = (
				01417A101EB820B700315C15 /* DecadeHomeCollectionViewCell.swift */,
				01417A0E1EB818DE00315C15 /* DecadeImageTableViewCell.swift */,
				01417A121EB8231A00315C15 /* DecadeSearchTableViewCell.swift */,
				01ACC36B1EC365010010B17C /* SavedDecadeTableViewCell.swift */,
			);
			name = Cell;
			sourceTree = "<group>";
		};
		01FB2DE11ECD2ED4007B0607 /* UIView */ = {
			isa = PBXGroup;
			children = (
				01FB2DE21ECD2F45007B0607 /* HeaderImage.swift */,
			);
			name = UIView;
			sourceTree = "<group>";
		};
/* End PBXGroup section */

/* Begin PBXNativeTarget section */
		014179D31EB791FB00315C15 /* Decade */ = {
			isa = PBXNativeTarget;
			buildConfigurationList = 014179E61EB791FB00315C15 /* Build configuration list for PBXNativeTarget "Decade" */;
			buildPhases = (
				014179D01EB791FB00315C15 /* Sources */,
				014179D11EB791FB00315C15 /* Frameworks */,
				014179D21EB791FB00315C15 /* Resources */,
			);
			buildRules = (
			);
			dependencies = (
			);
			name = Decade;
			productName = Decade;
			productReference = 014179D41EB791FB00315C15 /* Decade.app */;
			productType = "com.apple.product-type.application";
		};
/* End PBXNativeTarget section */

/* Begin PBXProject section */
		014179CC1EB791FB00315C15 /* Project object */ = {
			isa = PBXProject;
			attributes = {
				LastSwiftUpdateCheck = 0830;
				LastUpgradeCheck = 0830;
				ORGANIZATIONNAME = "Nick Reichard";
				TargetAttributes = {
					014179D31EB791FB00315C15 = {
						CreatedOnToolsVersion = 8.3.2;
						DevelopmentTeam = WAN4D79W79;
						ProvisioningStyle = Automatic;
						SystemCapabilities = {
							com.apple.Push = {
								enabled = 1;
							};
							com.apple.iCloud = {
								enabled = 1;
							};
						};
					};
				};
			};
			buildConfigurationList = 014179CF1EB791FB00315C15 /* Build configuration list for PBXProject "Decade" */;
			compatibilityVersion = "Xcode 3.2";
			developmentRegion = English;
			hasScannedForEncodings = 0;
			knownRegions = (
				en,
				Base,
			);
			mainGroup = 014179CB1EB791FB00315C15;
			productRefGroup = 014179D51EB791FB00315C15 /* Products */;
			projectDirPath = "";
			projectRoot = "";
			targets = (
				014179D31EB791FB00315C15 /* Decade */,
			);
		};
/* End PBXProject section */

/* Begin PBXResourcesBuildPhase section */
		014179D21EB791FB00315C15 /* Resources */ = {
			isa = PBXResourcesBuildPhase;
			buildActionMask = 2147483647;
			files = (
				014179E21EB791FB00315C15 /* LaunchScreen.storyboard in Resources */,
				014179DF1EB791FB00315C15 /* Assets.xcassets in Resources */,
				01FB2DE01ECD2EBC007B0607 /* HeaderImage.xib in Resources */,
				014179DD1EB791FB00315C15 /* Main.storyboard in Resources */,
			);
			runOnlyForDeploymentPostprocessing = 0;
		};
/* End PBXResourcesBuildPhase section */

/* Begin PBXSourcesBuildPhase section */
		014179D01EB791FB00315C15 /* Sources */ = {
			isa = PBXSourcesBuildPhase;
			buildActionMask = 2147483647;
			files = (
				01ACC3781ECB7C490010B17C /* CasheController.swift in Sources */,
				01417A001EB7B20E00315C15 /* DecadeError.swift in Sources */,
				01417A021EB7E8C200315C15 /* ImageController .swift in Sources */,
				01FB2D961ECCCB0D007B0607 /* DecadeHomeTableViewController.swift in Sources */,
				01EA61BD1EF2EEDD003936B9 /* Post.swift in Sources */,
				01D169871EF46BC90063BDAC /* PostController.swift in Sources */,
				01A795281EBAB5DE00E62DD6 /* LocalImageHelper.swift in Sources */,
				01A795081EBAA4F100E62DD6 /* LocalImageController.swift in Sources */,
				01681B671EECAD4D00D4712D /* CameraController.swift in Sources */,
				01EA61B71EF2260D003936B9 /* CommentTableViewController.swift in Sources */,
				014179FE1EB7A80C00315C15 /* NetworkController.swift in Sources */,
				01417A131EB8231A00315C15 /* DecadeSearchTableViewCell.swift in Sources */,
				01417A191EB9192D00315C15 /* SavedDecadeTableViewController.swift in Sources */,
				01ACC3721EC3FF630010B17C /* UIImageHelper.swift in Sources */,
				01417A0F1EB818DE00315C15 /* DecadeImageTableViewCell.swift in Sources */,
				014179D81EB791FB00315C15 /* AppDelegate.swift in Sources */,
				014179F81EB7963A00315C15 /* Decade.swift in Sources */,
				01A795061EBAA49300E62DD6 /* LocalImage.swift in Sources */,
				01ACC3641EC252420010B17C /* CloudKitManager.swift in Sources */,
				01FB2DE31ECD2F45007B0607 /* HeaderImage.swift in Sources */,
				01ACC36C1EC365010010B17C /* SavedDecadeTableViewCell.swift in Sources */,
				01681B631EEB9AB900D4712D /* Photo.swift in Sources */,
				01417A151EB8F3C100315C15 /* CustomTabBarController.swift in Sources */,
				013B25BC1EDF539400F9E635 /* StringHelper.swift in Sources */,
				01417A0A1EB8112400315C15 /* DecadeTableViewController.swift in Sources */,
				01ACC3701EC3FEF40010B17C /* UISearchBarHelper.swift in Sources */,
				014179FA1EB79CDC00315C15 /* User.swift in Sources */,
				014179FC1EB7A4FE00315C15 /* DecadeSearchController.swift in Sources */,
				01417A111EB820B700315C15 /* DecadeHomeCollectionViewCell.swift in Sources */,
				01417A0C1EB8117400315C15 /* DecadeSearchTableViewController.swift in Sources */,
				01ACC3741EC4DB820010B17C /* DecadeController.swift in Sources */,
				01C65F1D1EC2264B00DD675B /* UserController.swift in Sources */,
				01C65F191EC1452700DD675B /* UIColorHelper.swift in Sources */,
				01C65F1B1EC1642200DD675B /* DecadeWebViewController.swift in Sources */,
				01681B651EEC412700D4712D /* PhotoController.swift in Sources */,
				01ACC36E1EC3B51F0010B17C /* Constants.swift in Sources */,
			);
			runOnlyForDeploymentPostprocessing = 0;
		};
/* End PBXSourcesBuildPhase section */

/* Begin PBXVariantGroup section */
		014179DB1EB791FB00315C15 /* Main.storyboard */ = {
			isa = PBXVariantGroup;
			children = (
				014179DC1EB791FB00315C15 /* Base */,
			);
			name = Main.storyboard;
			sourceTree = "<group>";
		};
		014179E01EB791FB00315C15 /* LaunchScreen.storyboard */ = {
			isa = PBXVariantGroup;
			children = (
				014179E11EB791FB00315C15 /* Base */,
			);
			name = LaunchScreen.storyboard;
			sourceTree = "<group>";
		};
/* End PBXVariantGroup section */

/* Begin XCBuildConfiguration section */
		014179E41EB791FB00315C15 /* Debug */ = {
			isa = XCBuildConfiguration;
			buildSettings = {
				ALWAYS_SEARCH_USER_PATHS = NO;
				CLANG_ANALYZER_NONNULL = YES;
				CLANG_ANALYZER_NUMBER_OBJECT_CONVERSION = YES_AGGRESSIVE;
				CLANG_CXX_LANGUAGE_STANDARD = "gnu++0x";
				CLANG_CXX_LIBRARY = "libc++";
				CLANG_ENABLE_MODULES = YES;
				CLANG_ENABLE_OBJC_ARC = YES;
				CLANG_WARN_BOOL_CONVERSION = YES;
				CLANG_WARN_CONSTANT_CONVERSION = YES;
				CLANG_WARN_DIRECT_OBJC_ISA_USAGE = YES_ERROR;
				CLANG_WARN_DOCUMENTATION_COMMENTS = YES;
				CLANG_WARN_EMPTY_BODY = YES;
				CLANG_WARN_ENUM_CONVERSION = YES;
				CLANG_WARN_INFINITE_RECURSION = YES;
				CLANG_WARN_INT_CONVERSION = YES;
				CLANG_WARN_OBJC_ROOT_CLASS = YES_ERROR;
				CLANG_WARN_SUSPICIOUS_MOVE = YES;
				CLANG_WARN_UNREACHABLE_CODE = YES;
				CLANG_WARN__DUPLICATE_METHOD_MATCH = YES;
				"CODE_SIGN_IDENTITY[sdk=iphoneos*]" = "iPhone Developer";
				COPY_PHASE_STRIP = NO;
				DEBUG_INFORMATION_FORMAT = dwarf;
				ENABLE_STRICT_OBJC_MSGSEND = YES;
				ENABLE_TESTABILITY = YES;
				GCC_C_LANGUAGE_STANDARD = gnu99;
				GCC_DYNAMIC_NO_PIC = NO;
				GCC_NO_COMMON_BLOCKS = YES;
				GCC_OPTIMIZATION_LEVEL = 0;
				GCC_PREPROCESSOR_DEFINITIONS = (
					"DEBUG=1",
					"$(inherited)",
				);
				GCC_WARN_64_TO_32_BIT_CONVERSION = YES;
				GCC_WARN_ABOUT_RETURN_TYPE = YES_ERROR;
				GCC_WARN_UNDECLARED_SELECTOR = YES;
				GCC_WARN_UNINITIALIZED_AUTOS = YES_AGGRESSIVE;
				GCC_WARN_UNUSED_FUNCTION = YES;
				GCC_WARN_UNUSED_VARIABLE = YES;
				IPHONEOS_DEPLOYMENT_TARGET = 10.3;
				MTL_ENABLE_DEBUG_INFO = YES;
				ONLY_ACTIVE_ARCH = YES;
				SDKROOT = iphoneos;
				SWIFT_ACTIVE_COMPILATION_CONDITIONS = DEBUG;
				SWIFT_OPTIMIZATION_LEVEL = "-Onone";
				TARGETED_DEVICE_FAMILY = "1,2";
			};
			name = Debug;
		};
		014179E51EB791FB00315C15 /* Release */ = {
			isa = XCBuildConfiguration;
			buildSettings = {
				ALWAYS_SEARCH_USER_PATHS = NO;
				CLANG_ANALYZER_NONNULL = YES;
				CLANG_ANALYZER_NUMBER_OBJECT_CONVERSION = YES_AGGRESSIVE;
				CLANG_CXX_LANGUAGE_STANDARD = "gnu++0x";
				CLANG_CXX_LIBRARY = "libc++";
				CLANG_ENABLE_MODULES = YES;
				CLANG_ENABLE_OBJC_ARC = YES;
				CLANG_WARN_BOOL_CONVERSION = YES;
				CLANG_WARN_CONSTANT_CONVERSION = YES;
				CLANG_WARN_DIRECT_OBJC_ISA_USAGE = YES_ERROR;
				CLANG_WARN_DOCUMENTATION_COMMENTS = YES;
				CLANG_WARN_EMPTY_BODY = YES;
				CLANG_WARN_ENUM_CONVERSION = YES;
				CLANG_WARN_INFINITE_RECURSION = YES;
				CLANG_WARN_INT_CONVERSION = YES;
				CLANG_WARN_OBJC_ROOT_CLASS = YES_ERROR;
				CLANG_WARN_SUSPICIOUS_MOVE = YES;
				CLANG_WARN_UNREACHABLE_CODE = YES;
				CLANG_WARN__DUPLICATE_METHOD_MATCH = YES;
				"CODE_SIGN_IDENTITY[sdk=iphoneos*]" = "iPhone Developer";
				COPY_PHASE_STRIP = NO;
				DEBUG_INFORMATION_FORMAT = "dwarf-with-dsym";
				ENABLE_NS_ASSERTIONS = NO;
				ENABLE_STRICT_OBJC_MSGSEND = YES;
				GCC_C_LANGUAGE_STANDARD = gnu99;
				GCC_NO_COMMON_BLOCKS = YES;
				GCC_WARN_64_TO_32_BIT_CONVERSION = YES;
				GCC_WARN_ABOUT_RETURN_TYPE = YES_ERROR;
				GCC_WARN_UNDECLARED_SELECTOR = YES;
				GCC_WARN_UNINITIALIZED_AUTOS = YES_AGGRESSIVE;
				GCC_WARN_UNUSED_FUNCTION = YES;
				GCC_WARN_UNUSED_VARIABLE = YES;
				IPHONEOS_DEPLOYMENT_TARGET = 10.3;
				MTL_ENABLE_DEBUG_INFO = NO;
				SDKROOT = iphoneos;
				SWIFT_OPTIMIZATION_LEVEL = "-Owholemodule";
				TARGETED_DEVICE_FAMILY = "1,2";
				VALIDATE_PRODUCT = YES;
			};
			name = Release;
		};
		014179E71EB791FB00315C15 /* Debug */ = {
			isa = XCBuildConfiguration;
			buildSettings = {
				ASSETCATALOG_COMPILER_APPICON_NAME = AppIcon;
				CODE_SIGN_ENTITLEMENTS = Decade/Decade.entitlements;
				DEVELOPMENT_TEAM = WAN4D79W79;
				INFOPLIST_FILE = Decade/Info.plist;
				LD_RUNPATH_SEARCH_PATHS = "$(inherited) @executable_path/Frameworks";
				PRODUCT_BUNDLE_IDENTIFIER = com.nickreichard.Decade;
				PRODUCT_NAME = "$(TARGET_NAME)";
				SWIFT_VERSION = 3.0;
				TARGETED_DEVICE_FAMILY = 1;
			};
			name = Debug;
		};
		014179E81EB791FB00315C15 /* Release */ = {
			isa = XCBuildConfiguration;
			buildSettings = {
				ASSETCATALOG_COMPILER_APPICON_NAME = AppIcon;
				CODE_SIGN_ENTITLEMENTS = Decade/Decade.entitlements;
				DEVELOPMENT_TEAM = WAN4D79W79;
				INFOPLIST_FILE = Decade/Info.plist;
				LD_RUNPATH_SEARCH_PATHS = "$(inherited) @executable_path/Frameworks";
				PRODUCT_BUNDLE_IDENTIFIER = com.nickreichard.Decade;
				PRODUCT_NAME = "$(TARGET_NAME)";
				SWIFT_VERSION = 3.0;
				TARGETED_DEVICE_FAMILY = 1;
			};
			name = Release;
		};
/* End XCBuildConfiguration section */

/* Begin XCConfigurationList section */
		014179CF1EB791FB00315C15 /* Build configuration list for PBXProject "Decade" */ = {
			isa = XCConfigurationList;
			buildConfigurations = (
				014179E41EB791FB00315C15 /* Debug */,
				014179E51EB791FB00315C15 /* Release */,
			);
			defaultConfigurationIsVisible = 0;
			defaultConfigurationName = Release;
		};
		014179E61EB791FB00315C15 /* Build configuration list for PBXNativeTarget "Decade" */ = {
			isa = XCConfigurationList;
			buildConfigurations = (
				014179E71EB791FB00315C15 /* Debug */,
				014179E81EB791FB00315C15 /* Release */,
			);
			defaultConfigurationIsVisible = 0;
			defaultConfigurationName = Release;
		};
/* End XCConfigurationList section */
	};
	rootObject = 014179CC1EB791FB00315C15 /* Project object */;
}
